
Microsoft Visual Studio Solution File, Format Version 12.00
# Visual Studio 15
VisualStudioVersion = 15.0.27130.2036
MinimumVisualStudioVersion = 10.0.40219.1
Project("{FAE04EC0-301F-11D3-BF4B-00C04F79EFBC}") = "WinForms_DataViewer", "WinForms_DataViewer\WinForms_DataViewer.csproj", "{228873C9-70D0-4C40-9171-CA2FDC11AAA9}"
EndProject
Global
	GlobalSection(SolutionConfigurationPlatforms) = preSolution
		Debug|Any CPU = Debug|Any CPU
		Release|Any CPU = Release|Any CPU
	EndGlobalSection
	GlobalSection(ProjectConfigurationPlatforms) = postSolution
		{228873C9-70D0-4C40-9171-CA2FDC11AAA9}.Debug|Any CPU.ActiveCfg = Debug|Any CPU
		{228873C9-70D0-4C40-9171-CA2FDC11AAA9}.Debug|Any CPU.Build.0 = Debug|Any CPU
		{228873C9-70D0-4C40-9171-CA2FDC11AAA9}.Release|Any CPU.ActiveCfg = Release|Any CPU
		{228873C9-70D0-4C40-9171-CA2FDC11AAA9}.Release|Any CPU.Build.0 = Release|Any CPU
	EndGlobalSection
	GlobalSection(SolutionProperties) = preSolution
		HideSolutionNode = FALSE
	EndGlobalSection
	GlobalSection(ExtensibilityGlobals) = postSolution
		SolutionGuid = {640933D5-10F0-45DF-8F5E-54E50651DD63}
	EndGlobalSection
EndGlobal
